
Microsoft Visual Studio Solution File, Format Version 12.00
# Visual Studio Version 17
VisualStudioVersion = 17.4.33205.214
MinimumVisualStudioVersion = 10.0.40219.1
Project("{FAE04EC0-301F-11D3-BF4B-00C04F79EFBC}") = "PracticaMvcCore2FMB", "PracticaMvcCore2FMB\PracticaMvcCore2FMB.csproj", "{1DD5ADC1-5885-4D28-9A58-2E94C7E25D4E}"
EndProject
Global
	GlobalSection(SolutionConfigurationPlatforms) = preSolution
		Debug|Any CPU = Debug|Any CPU
		Release|Any CPU = Release|Any CPU
	EndGlobalSection
	GlobalSection(ProjectConfigurationPlatforms) = postSolution
		{1DD5ADC1-5885-4D28-9A58-2E94C7E25D4E}.Debug|Any CPU.ActiveCfg = Debug|Any CPU
		{1DD5ADC1-5885-4D28-9A58-2E94C7E25D4E}.Debug|Any CPU.Build.0 = Debug|Any CPU
		{1DD5ADC1-5885-4D28-9A58-2E94C7E25D4E}.Release|Any CPU.ActiveCfg = Release|Any CPU
		{1DD5ADC1-5885-4D28-9A58-2E94C7E25D4E}.Release|Any CPU.Build.0 = Release|Any CPU
	EndGlobalSection
	GlobalSection(SolutionProperties) = preSolution
		HideSolutionNode = FALSE
	EndGlobalSection
	GlobalSection(ExtensibilityGlobals) = postSolution
		SolutionGuid = {02FFD8D4-2664-4A30-A801-921F02666063}
	EndGlobalSection
EndGlobal
