
Microsoft Visual Studio Solution File, Format Version 12.00
# Visual Studio Version 17
VisualStudioVersion = 17.5.33627.172
MinimumVisualStudioVersion = 10.0.40219.1
Project("{9A19103F-16F7-4668-BE54-9A1E7A4F7556}") = "AWSApiPersonas", "AWSApiPersonas\AWSApiPersonas.csproj", "{EF33755E-2907-454D-9609-A0B0AE71AF79}"
EndProject
Global
	GlobalSection(SolutionConfigurationPlatforms) = preSolution
		Debug|Any CPU = Debug|Any CPU
		Release|Any CPU = Release|Any CPU
	EndGlobalSection
	GlobalSection(ProjectConfigurationPlatforms) = postSolution
		{EF33755E-2907-454D-9609-A0B0AE71AF79}.Debug|Any CPU.ActiveCfg = Debug|Any CPU
		{EF33755E-2907-454D-9609-A0B0AE71AF79}.Debug|Any CPU.Build.0 = Debug|Any CPU
		{EF33755E-2907-454D-9609-A0B0AE71AF79}.Release|Any CPU.ActiveCfg = Release|Any CPU
		{EF33755E-2907-454D-9609-A0B0AE71AF79}.Release|Any CPU.Build.0 = Release|Any CPU
	EndGlobalSection
	GlobalSection(SolutionProperties) = preSolution
		HideSolutionNode = FALSE
	EndGlobalSection
	GlobalSection(ExtensibilityGlobals) = postSolution
		SolutionGuid = {D92C9C24-B38E-4C52-B61C-F0D0CA63C523}
	EndGlobalSection
EndGlobal
