
Microsoft Visual Studio Solution File, Format Version 12.00
# Visual Studio Version 17
VisualStudioVersion = 17.5.33627.172
MinimumVisualStudioVersion = 10.0.40219.1
Project("{FAE04EC0-301F-11D3-BF4B-00C04F79EFBC}") = "MvcMailsAWS", "MvcMailsAWS\MvcMailsAWS.csproj", "{27308F08-8C92-456F-B8FB-96F8EFD9B3C0}"
EndProject
Global
	GlobalSection(SolutionConfigurationPlatforms) = preSolution
		Debug|Any CPU = Debug|Any CPU
		Release|Any CPU = Release|Any CPU
	EndGlobalSection
	GlobalSection(ProjectConfigurationPlatforms) = postSolution
		{27308F08-8C92-456F-B8FB-96F8EFD9B3C0}.Debug|Any CPU.ActiveCfg = Debug|Any CPU
		{27308F08-8C92-456F-B8FB-96F8EFD9B3C0}.Debug|Any CPU.Build.0 = Debug|Any CPU
		{27308F08-8C92-456F-B8FB-96F8EFD9B3C0}.Release|Any CPU.ActiveCfg = Release|Any CPU
		{27308F08-8C92-456F-B8FB-96F8EFD9B3C0}.Release|Any CPU.Build.0 = Release|Any CPU
	EndGlobalSection
	GlobalSection(SolutionProperties) = preSolution
		HideSolutionNode = FALSE
	EndGlobalSection
	GlobalSection(ExtensibilityGlobals) = postSolution
		SolutionGuid = {A44EBA56-51E7-4078-8715-ABEAE6CECDB8}
	EndGlobalSection
EndGlobal
