
Microsoft Visual Studio Solution File, Format Version 12.00
# Visual Studio Version 17
VisualStudioVersion = 17.4.33110.190
MinimumVisualStudioVersion = 10.0.40219.1
Project("{FAE04EC0-301F-11D3-BF4B-00C04F79EFBC}") = "MvcApiHospitalPractica", "MvcApiHospitalPractica\MvcApiHospitalPractica.csproj", "{AB3CE06F-120E-4BF2-8DCC-0BE0F41BAB1C}"
EndProject
Global
	GlobalSection(SolutionConfigurationPlatforms) = preSolution
		Debug|Any CPU = Debug|Any CPU
		Release|Any CPU = Release|Any CPU
	EndGlobalSection
	GlobalSection(ProjectConfigurationPlatforms) = postSolution
		{AB3CE06F-120E-4BF2-8DCC-0BE0F41BAB1C}.Debug|Any CPU.ActiveCfg = Debug|Any CPU
		{AB3CE06F-120E-4BF2-8DCC-0BE0F41BAB1C}.Debug|Any CPU.Build.0 = Debug|Any CPU
		{AB3CE06F-120E-4BF2-8DCC-0BE0F41BAB1C}.Release|Any CPU.ActiveCfg = Release|Any CPU
		{AB3CE06F-120E-4BF2-8DCC-0BE0F41BAB1C}.Release|Any CPU.Build.0 = Release|Any CPU
	EndGlobalSection
	GlobalSection(SolutionProperties) = preSolution
		HideSolutionNode = FALSE
	EndGlobalSection
	GlobalSection(ExtensibilityGlobals) = postSolution
		SolutionGuid = {EB59C751-E641-4428-B64E-7DFD0DB12D7F}
	EndGlobalSection
EndGlobal
