
Microsoft Visual Studio Solution File, Format Version 12.00
# Visual Studio Version 17
VisualStudioVersion = 17.4.33205.214
MinimumVisualStudioVersion = 10.0.40219.1
Project("{FAE04EC0-301F-11D3-BF4B-00C04F79EFBC}") = "NetCoreLinqToSqlInjection", "NetCoreLinqToSqlInjection\NetCoreLinqToSqlInjection.csproj", "{125BF73F-CCE7-4007-805A-E2857AC18C11}"
EndProject
Global
	GlobalSection(SolutionConfigurationPlatforms) = preSolution
		Debug|Any CPU = Debug|Any CPU
		Release|Any CPU = Release|Any CPU
	EndGlobalSection
	GlobalSection(ProjectConfigurationPlatforms) = postSolution
		{125BF73F-CCE7-4007-805A-E2857AC18C11}.Debug|Any CPU.ActiveCfg = Debug|Any CPU
		{125BF73F-CCE7-4007-805A-E2857AC18C11}.Debug|Any CPU.Build.0 = Debug|Any CPU
		{125BF73F-CCE7-4007-805A-E2857AC18C11}.Release|Any CPU.ActiveCfg = Release|Any CPU
		{125BF73F-CCE7-4007-805A-E2857AC18C11}.Release|Any CPU.Build.0 = Release|Any CPU
	EndGlobalSection
	GlobalSection(SolutionProperties) = preSolution
		HideSolutionNode = FALSE
	EndGlobalSection
	GlobalSection(ExtensibilityGlobals) = postSolution
		SolutionGuid = {EF075B4B-FAD9-429F-8507-32CF41D32CB3}
	EndGlobalSection
EndGlobal
