
Microsoft Visual Studio Solution File, Format Version 12.00
# Visual Studio Version 17
VisualStudioVersion = 17.4.33205.214
MinimumVisualStudioVersion = 10.0.40219.1
Project("{FAE04EC0-301F-11D3-BF4B-00C04F79EFBC}") = "MvcCoreMultiplesBBDD", "MvcCoreMultiplesBBDD\MvcCoreMultiplesBBDD.csproj", "{3ADF1EA3-30E1-4E22-A4DB-098EDAC27D43}"
EndProject
Global
	GlobalSection(SolutionConfigurationPlatforms) = preSolution
		Debug|Any CPU = Debug|Any CPU
		Release|Any CPU = Release|Any CPU
	EndGlobalSection
	GlobalSection(ProjectConfigurationPlatforms) = postSolution
		{3ADF1EA3-30E1-4E22-A4DB-098EDAC27D43}.Debug|Any CPU.ActiveCfg = Debug|Any CPU
		{3ADF1EA3-30E1-4E22-A4DB-098EDAC27D43}.Debug|Any CPU.Build.0 = Debug|Any CPU
		{3ADF1EA3-30E1-4E22-A4DB-098EDAC27D43}.Release|Any CPU.ActiveCfg = Release|Any CPU
		{3ADF1EA3-30E1-4E22-A4DB-098EDAC27D43}.Release|Any CPU.Build.0 = Release|Any CPU
	EndGlobalSection
	GlobalSection(SolutionProperties) = preSolution
		HideSolutionNode = FALSE
	EndGlobalSection
	GlobalSection(ExtensibilityGlobals) = postSolution
		SolutionGuid = {DEB21235-B947-41DF-89E7-FBA5582D4EE8}
	EndGlobalSection
EndGlobal
