
Microsoft Visual Studio Solution File, Format Version 12.00
# Visual Studio Version 17
VisualStudioVersion = 17.4.33205.214
MinimumVisualStudioVersion = 10.0.40219.1
Project("{FAE04EC0-301F-11D3-BF4B-00C04F79EFBC}") = "NugetCustomers_FMB", "NugetCustomers_FMB\NugetCustomers_FMB.csproj", "{D6706E40-3026-4C81-98C0-C0EE22C0B16F}"
EndProject
Global
	GlobalSection(SolutionConfigurationPlatforms) = preSolution
		Debug|Any CPU = Debug|Any CPU
		Release|Any CPU = Release|Any CPU
	EndGlobalSection
	GlobalSection(ProjectConfigurationPlatforms) = postSolution
		{D6706E40-3026-4C81-98C0-C0EE22C0B16F}.Debug|Any CPU.ActiveCfg = Debug|Any CPU
		{D6706E40-3026-4C81-98C0-C0EE22C0B16F}.Debug|Any CPU.Build.0 = Debug|Any CPU
		{D6706E40-3026-4C81-98C0-C0EE22C0B16F}.Release|Any CPU.ActiveCfg = Release|Any CPU
		{D6706E40-3026-4C81-98C0-C0EE22C0B16F}.Release|Any CPU.Build.0 = Release|Any CPU
	EndGlobalSection
	GlobalSection(SolutionProperties) = preSolution
		HideSolutionNode = FALSE
	EndGlobalSection
	GlobalSection(ExtensibilityGlobals) = postSolution
		SolutionGuid = {A36AE99A-CB75-4036-81AA-829AE2A96758}
	EndGlobalSection
EndGlobal
