
Microsoft Visual Studio Solution File, Format Version 12.00
# Visual Studio Version 17
VisualStudioVersion = 17.4.33205.214
MinimumVisualStudioVersion = 10.0.40219.1
Project("{9A19103F-16F7-4668-BE54-9A1E7A4F7556}") = "Fundamentos", "Fundamentos\Fundamentos.csproj", "{4CF58C90-7E90-4E40-8FAB-F55F3FB6DE2B}"
EndProject
Project("{9A19103F-16F7-4668-BE54-9A1E7A4F7556}") = "ProyectoClases", "ProyectoClases\ProyectoClases.csproj", "{52746BFD-8C58-4428-B181-03B881795329}"
EndProject
Project("{FAE04EC0-301F-11D3-BF4B-00C04F79EFBC}") = "AdoNet", "AdoNet\AdoNet.csproj", "{834AED30-394A-452B-BB72-1AB29324CC77}"
EndProject
Global
	GlobalSection(SolutionConfigurationPlatforms) = preSolution
		Debug|Any CPU = Debug|Any CPU
		Release|Any CPU = Release|Any CPU
	EndGlobalSection
	GlobalSection(ProjectConfigurationPlatforms) = postSolution
		{4CF58C90-7E90-4E40-8FAB-F55F3FB6DE2B}.Debug|Any CPU.ActiveCfg = Debug|Any CPU
		{4CF58C90-7E90-4E40-8FAB-F55F3FB6DE2B}.Debug|Any CPU.Build.0 = Debug|Any CPU
		{4CF58C90-7E90-4E40-8FAB-F55F3FB6DE2B}.Release|Any CPU.ActiveCfg = Release|Any CPU
		{4CF58C90-7E90-4E40-8FAB-F55F3FB6DE2B}.Release|Any CPU.Build.0 = Release|Any CPU
		{52746BFD-8C58-4428-B181-03B881795329}.Debug|Any CPU.ActiveCfg = Debug|Any CPU
		{52746BFD-8C58-4428-B181-03B881795329}.Debug|Any CPU.Build.0 = Debug|Any CPU
		{52746BFD-8C58-4428-B181-03B881795329}.Release|Any CPU.ActiveCfg = Release|Any CPU
		{52746BFD-8C58-4428-B181-03B881795329}.Release|Any CPU.Build.0 = Release|Any CPU
		{834AED30-394A-452B-BB72-1AB29324CC77}.Debug|Any CPU.ActiveCfg = Debug|Any CPU
		{834AED30-394A-452B-BB72-1AB29324CC77}.Debug|Any CPU.Build.0 = Debug|Any CPU
		{834AED30-394A-452B-BB72-1AB29324CC77}.Release|Any CPU.ActiveCfg = Release|Any CPU
		{834AED30-394A-452B-BB72-1AB29324CC77}.Release|Any CPU.Build.0 = Release|Any CPU
	EndGlobalSection
	GlobalSection(SolutionProperties) = preSolution
		HideSolutionNode = FALSE
	EndGlobalSection
	GlobalSection(ExtensibilityGlobals) = postSolution
		SolutionGuid = {814DA5E9-0D48-44A1-8982-AC9CBCBC4101}
	EndGlobalSection
EndGlobal
