
Microsoft Visual Studio Solution File, Format Version 12.00
# Visual Studio Version 17
VisualStudioVersion = 17.5.33530.505
MinimumVisualStudioVersion = 10.0.40219.1
Project("{FAE04EC0-301F-11D3-BF4B-00C04F79EFBC}") = "ClienteApiOAuth", "ClienteApiOAuth\ClienteApiOAuth.csproj", "{68AA8661-483C-494D-BDBF-1A4570362603}"
EndProject
Global
	GlobalSection(SolutionConfigurationPlatforms) = preSolution
		Debug|Any CPU = Debug|Any CPU
		Release|Any CPU = Release|Any CPU
	EndGlobalSection
	GlobalSection(ProjectConfigurationPlatforms) = postSolution
		{68AA8661-483C-494D-BDBF-1A4570362603}.Debug|Any CPU.ActiveCfg = Debug|Any CPU
		{68AA8661-483C-494D-BDBF-1A4570362603}.Debug|Any CPU.Build.0 = Debug|Any CPU
		{68AA8661-483C-494D-BDBF-1A4570362603}.Release|Any CPU.ActiveCfg = Release|Any CPU
		{68AA8661-483C-494D-BDBF-1A4570362603}.Release|Any CPU.Build.0 = Release|Any CPU
	EndGlobalSection
	GlobalSection(SolutionProperties) = preSolution
		HideSolutionNode = FALSE
	EndGlobalSection
	GlobalSection(ExtensibilityGlobals) = postSolution
		SolutionGuid = {1ABA011F-9D9F-4731-9830-8696E01CD95B}
	EndGlobalSection
EndGlobal
