
Microsoft Visual Studio Solution File, Format Version 12.00
# Visual Studio Version 17
VisualStudioVersion = 17.4.33205.214
MinimumVisualStudioVersion = 10.0.40219.1
Project("{FAE04EC0-301F-11D3-BF4B-00C04F79EFBC}") = "MvcApiManagement", "MvcApiManagement\MvcApiManagement.csproj", "{3ED67B18-B81F-442C-859F-B7AFB35B8A2C}"
EndProject
Global
	GlobalSection(SolutionConfigurationPlatforms) = preSolution
		Debug|Any CPU = Debug|Any CPU
		Release|Any CPU = Release|Any CPU
	EndGlobalSection
	GlobalSection(ProjectConfigurationPlatforms) = postSolution
		{3ED67B18-B81F-442C-859F-B7AFB35B8A2C}.Debug|Any CPU.ActiveCfg = Debug|Any CPU
		{3ED67B18-B81F-442C-859F-B7AFB35B8A2C}.Debug|Any CPU.Build.0 = Debug|Any CPU
		{3ED67B18-B81F-442C-859F-B7AFB35B8A2C}.Release|Any CPU.ActiveCfg = Release|Any CPU
		{3ED67B18-B81F-442C-859F-B7AFB35B8A2C}.Release|Any CPU.Build.0 = Release|Any CPU
	EndGlobalSection
	GlobalSection(SolutionProperties) = preSolution
		HideSolutionNode = FALSE
	EndGlobalSection
	GlobalSection(ExtensibilityGlobals) = postSolution
		SolutionGuid = {9CBFB2E9-D5C8-4475-9956-554AC5FB6DE9}
	EndGlobalSection
EndGlobal
