
Microsoft Visual Studio Solution File, Format Version 12.00
# Visual Studio Version 17
VisualStudioVersion = 17.4.33205.214
MinimumVisualStudioVersion = 10.0.40219.1
Project("{FAE04EC0-301F-11D3-BF4B-00C04F79EFBC}") = "ApiCorePersonas", "ApiCorePersonas\ApiCorePersonas.csproj", "{5ABEDAE0-8596-4282-A40A-0288D1359F3B}"
EndProject
Global
	GlobalSection(SolutionConfigurationPlatforms) = preSolution
		Debug|Any CPU = Debug|Any CPU
		Release|Any CPU = Release|Any CPU
	EndGlobalSection
	GlobalSection(ProjectConfigurationPlatforms) = postSolution
		{5ABEDAE0-8596-4282-A40A-0288D1359F3B}.Debug|Any CPU.ActiveCfg = Debug|Any CPU
		{5ABEDAE0-8596-4282-A40A-0288D1359F3B}.Debug|Any CPU.Build.0 = Debug|Any CPU
		{5ABEDAE0-8596-4282-A40A-0288D1359F3B}.Release|Any CPU.ActiveCfg = Release|Any CPU
		{5ABEDAE0-8596-4282-A40A-0288D1359F3B}.Release|Any CPU.Build.0 = Release|Any CPU
	EndGlobalSection
	GlobalSection(SolutionProperties) = preSolution
		HideSolutionNode = FALSE
	EndGlobalSection
	GlobalSection(ExtensibilityGlobals) = postSolution
		SolutionGuid = {D09046B5-8B6E-4920-8104-47E635FF5FE9}
	EndGlobalSection
EndGlobal
