
Microsoft Visual Studio Solution File, Format Version 12.00
# Visual Studio Version 17
VisualStudioVersion = 17.4.33205.214
MinimumVisualStudioVersion = 10.0.40219.1
Project("{FAE04EC0-301F-11D3-BF4B-00C04F79EFBC}") = "MvcSeguridadDoctores", "MvcSeguridadDoctores\MvcSeguridadDoctores.csproj", "{8F6C6367-2B2E-4880-B06A-F1CB4A830540}"
EndProject
Global
	GlobalSection(SolutionConfigurationPlatforms) = preSolution
		Debug|Any CPU = Debug|Any CPU
		Release|Any CPU = Release|Any CPU
	EndGlobalSection
	GlobalSection(ProjectConfigurationPlatforms) = postSolution
		{8F6C6367-2B2E-4880-B06A-F1CB4A830540}.Debug|Any CPU.ActiveCfg = Debug|Any CPU
		{8F6C6367-2B2E-4880-B06A-F1CB4A830540}.Debug|Any CPU.Build.0 = Debug|Any CPU
		{8F6C6367-2B2E-4880-B06A-F1CB4A830540}.Release|Any CPU.ActiveCfg = Release|Any CPU
		{8F6C6367-2B2E-4880-B06A-F1CB4A830540}.Release|Any CPU.Build.0 = Release|Any CPU
	EndGlobalSection
	GlobalSection(SolutionProperties) = preSolution
		HideSolutionNode = FALSE
	EndGlobalSection
	GlobalSection(ExtensibilityGlobals) = postSolution
		SolutionGuid = {A8E58566-9EC7-4A22-A759-4C058859239C}
	EndGlobalSection
EndGlobal
