
Microsoft Visual Studio Solution File, Format Version 12.00
# Visual Studio Version 17
VisualStudioVersion = 17.5.33530.505
MinimumVisualStudioVersion = 10.0.40219.1
Project("{FAE04EC0-301F-11D3-BF4B-00C04F79EFBC}") = "MvcAWSS3Private", "MvcAWSS3Private\MvcAWSS3Private.csproj", "{B443EACA-A2EB-4FF5-9BA6-A3CE867CF860}"
EndProject
Global
	GlobalSection(SolutionConfigurationPlatforms) = preSolution
		Debug|Any CPU = Debug|Any CPU
		Release|Any CPU = Release|Any CPU
	EndGlobalSection
	GlobalSection(ProjectConfigurationPlatforms) = postSolution
		{B443EACA-A2EB-4FF5-9BA6-A3CE867CF860}.Debug|Any CPU.ActiveCfg = Debug|Any CPU
		{B443EACA-A2EB-4FF5-9BA6-A3CE867CF860}.Debug|Any CPU.Build.0 = Debug|Any CPU
		{B443EACA-A2EB-4FF5-9BA6-A3CE867CF860}.Release|Any CPU.ActiveCfg = Release|Any CPU
		{B443EACA-A2EB-4FF5-9BA6-A3CE867CF860}.Release|Any CPU.Build.0 = Release|Any CPU
	EndGlobalSection
	GlobalSection(SolutionProperties) = preSolution
		HideSolutionNode = FALSE
	EndGlobalSection
	GlobalSection(ExtensibilityGlobals) = postSolution
		SolutionGuid = {4AF56628-BF0B-498C-873F-A5271A61D4B5}
	EndGlobalSection
EndGlobal
