
Microsoft Visual Studio Solution File, Format Version 12.00
# Visual Studio Version 17
VisualStudioVersion = 17.5.33627.172
MinimumVisualStudioVersion = 10.0.40219.1
Project("{FAE04EC0-301F-11D3-BF4B-00C04F79EFBC}") = "MvcCoreSeriesAWSBeanstalk", "MvcCoreSeriesAWSBeanstalk\MvcCoreSeriesAWSBeanstalk.csproj", "{4CE29DE9-FD84-4A5A-9D6E-10373FE5ED30}"
EndProject
Global
	GlobalSection(SolutionConfigurationPlatforms) = preSolution
		Debug|Any CPU = Debug|Any CPU
		Release|Any CPU = Release|Any CPU
	EndGlobalSection
	GlobalSection(ProjectConfigurationPlatforms) = postSolution
		{4CE29DE9-FD84-4A5A-9D6E-10373FE5ED30}.Debug|Any CPU.ActiveCfg = Debug|Any CPU
		{4CE29DE9-FD84-4A5A-9D6E-10373FE5ED30}.Debug|Any CPU.Build.0 = Debug|Any CPU
		{4CE29DE9-FD84-4A5A-9D6E-10373FE5ED30}.Release|Any CPU.ActiveCfg = Release|Any CPU
		{4CE29DE9-FD84-4A5A-9D6E-10373FE5ED30}.Release|Any CPU.Build.0 = Release|Any CPU
	EndGlobalSection
	GlobalSection(SolutionProperties) = preSolution
		HideSolutionNode = FALSE
	EndGlobalSection
	GlobalSection(ExtensibilityGlobals) = postSolution
		SolutionGuid = {347BD260-BFE5-4BD3-A8A3-0911B0C3FDB7}
	EndGlobalSection
EndGlobal
