
Microsoft Visual Studio Solution File, Format Version 12.00
# Visual Studio Version 17
VisualStudioVersion = 17.4.33205.214
MinimumVisualStudioVersion = 10.0.40219.1
Project("{FAE04EC0-301F-11D3-BF4B-00C04F79EFBC}") = "SegundaPracticaFMB", "SegundaPracticaFMB\SegundaPracticaFMB.csproj", "{66A1298E-08A5-4531-AC85-1E160D84B6F1}"
EndProject
Global
	GlobalSection(SolutionConfigurationPlatforms) = preSolution
		Debug|Any CPU = Debug|Any CPU
		Release|Any CPU = Release|Any CPU
	EndGlobalSection
	GlobalSection(ProjectConfigurationPlatforms) = postSolution
		{66A1298E-08A5-4531-AC85-1E160D84B6F1}.Debug|Any CPU.ActiveCfg = Debug|Any CPU
		{66A1298E-08A5-4531-AC85-1E160D84B6F1}.Debug|Any CPU.Build.0 = Debug|Any CPU
		{66A1298E-08A5-4531-AC85-1E160D84B6F1}.Release|Any CPU.ActiveCfg = Release|Any CPU
		{66A1298E-08A5-4531-AC85-1E160D84B6F1}.Release|Any CPU.Build.0 = Release|Any CPU
	EndGlobalSection
	GlobalSection(SolutionProperties) = preSolution
		HideSolutionNode = FALSE
	EndGlobalSection
	GlobalSection(ExtensibilityGlobals) = postSolution
		SolutionGuid = {A46B8066-C2B8-4C02-8A08-BE9307C9485D}
	EndGlobalSection
EndGlobal
