
Microsoft Visual Studio Solution File, Format Version 12.00
# Visual Studio Version 17
VisualStudioVersion = 17.4.33205.214
MinimumVisualStudioVersion = 10.0.40219.1
Project("{FAE04EC0-301F-11D3-BF4B-00C04F79EFBC}") = "MvcCoreSeguridadEmpleados", "MvcCoreSeguridadEmpleados\MvcCoreSeguridadEmpleados.csproj", "{CD926053-FB0B-4C53-88F7-243AA6E39B15}"
EndProject
Global
	GlobalSection(SolutionConfigurationPlatforms) = preSolution
		Debug|Any CPU = Debug|Any CPU
		Release|Any CPU = Release|Any CPU
	EndGlobalSection
	GlobalSection(ProjectConfigurationPlatforms) = postSolution
		{CD926053-FB0B-4C53-88F7-243AA6E39B15}.Debug|Any CPU.ActiveCfg = Debug|Any CPU
		{CD926053-FB0B-4C53-88F7-243AA6E39B15}.Debug|Any CPU.Build.0 = Debug|Any CPU
		{CD926053-FB0B-4C53-88F7-243AA6E39B15}.Release|Any CPU.ActiveCfg = Release|Any CPU
		{CD926053-FB0B-4C53-88F7-243AA6E39B15}.Release|Any CPU.Build.0 = Release|Any CPU
	EndGlobalSection
	GlobalSection(SolutionProperties) = preSolution
		HideSolutionNode = FALSE
	EndGlobalSection
	GlobalSection(ExtensibilityGlobals) = postSolution
		SolutionGuid = {65862A9E-0CEB-4832-A6EF-B0400C8A61DE}
	EndGlobalSection
EndGlobal
